
Microsoft Visual Studio Solution File, Format Version 12.00
# Visual Studio 15
VisualStudioVersion = 15.0.27703.2026
MinimumVisualStudioVersion = 10.0.40219.1
Project("{FAE04EC0-301F-11D3-BF4B-00C04F79EFBC}") = "GenRevision", "GenRevision\GenRevision.csproj", "{3D3A9796-97D2-4F64-8B88-13922166BE41}"
EndProject
Global
	GlobalSection(SolutionConfigurationPlatforms) = preSolution
		Debug|Any CPU = Debug|Any CPU
		Release|Any CPU = Release|Any CPU
	EndGlobalSection
	GlobalSection(ProjectConfigurationPlatforms) = postSolution
		{3D3A9796-97D2-4F64-8B88-13922166BE41}.Debug|Any CPU.ActiveCfg = Debug|Any CPU
		{3D3A9796-97D2-4F64-8B88-13922166BE41}.Debug|Any CPU.Build.0 = Debug|Any CPU
		{3D3A9796-97D2-4F64-8B88-13922166BE41}.Release|Any CPU.ActiveCfg = Release|Any CPU
		{3D3A9796-97D2-4F64-8B88-13922166BE41}.Release|Any CPU.Build.0 = Release|Any CPU
	EndGlobalSection
	GlobalSection(SolutionProperties) = preSolution
		HideSolutionNode = FALSE
	EndGlobalSection
	GlobalSection(ExtensibilityGlobals) = postSolution
		SolutionGuid = {457431E5-E4FD-4A35-949C-16FBAB8DBB2E}
	EndGlobalSection
EndGlobal
